// !$*UTF8*$!
{
	archiveVersion = 1;
	classes = {
	};
	objectVersion = 77;
	objects = {

/* Begin PBXContainerItemProxy section */
		37125ACB2CEE48B600D7C249 /* PBXContainerItemProxy */ = {
			isa = PBXContainerItemProxy;
			containerPortal = 37125AB02CEE48B400D7C249 /* Project object */;
			proxyType = 1;
			remoteGlobalIDString = 37125AB72CEE48B400D7C249;
			remoteInfo = DailyAzimuth;
		};
		37125AD52CEE48B600D7C249 /* PBXContainerItemProxy */ = {
			isa = PBXContainerItemProxy;
			containerPortal = 37125AB02CEE48B400D7C249 /* Project object */;
			proxyType = 1;
			remoteGlobalIDString = 37125AB72CEE48B400D7C249;
			remoteInfo = DailyAzimuth;
		};
/* End PBXContainerItemProxy section */

/* Begin PBXFileReference section */
		37125AB82CEE48B400D7C249 /* DailyAzimuth.app */ = {isa = PBXFileReference; explicitFileType = wrapper.application; includeInIndex = 0; path = DailyAzimuth.app; sourceTree = BUILT_PRODUCTS_DIR; };
		37125ACA2CEE48B600D7C249 /* DailyAzimuthTests.xctest */ = {isa = PBXFileReference; explicitFileType = wrapper.cfbundle; includeInIndex = 0; path = DailyAzimuthTests.xctest; sourceTree = BUILT_PRODUCTS_DIR; };
		37125AD42CEE48B600D7C249 /* DailyAzimuthUITests.xctest */ = {isa = PBXFileReference; explicitFileType = wrapper.cfbundle; includeInIndex = 0; path = DailyAzimuthUITests.xctest; sourceTree = BUILT_PRODUCTS_DIR; };
/* End PBXFileReference section */

/* Begin PBXFileSystemSynchronizedRootGroup section */
		37125ABA2CEE48B400D7C249 /* DailyAzimuth */ = {
			isa = PBXFileSystemSynchronizedRootGroup;
			path = DailyAzimuth;
			sourceTree = "<group>";
		};
		37125ACD2CEE48B600D7C249 /* DailyAzimuthTests */ = {
			isa = PBXFileSystemSynchronizedRootGroup;
			path = DailyAzimuthTests;
			sourceTree = "<group>";
		};
		37125AD72CEE48B600D7C249 /* DailyAzimuthUITests */ = {
			isa = PBXFileSystemSynchronizedRootGroup;
			path = DailyAzimuthUITests;
			sourceTree = "<group>";
		};
/* End PBXFileSystemSynchronizedRootGroup section */

/* Begin PBXFrameworksBuildPhase section */
		37125AB52CEE48B400D7C249 /* Frameworks */ = {
			isa = PBXFrameworksBuildPhase;
			buildActionMask = 2147483647;
			files = (
			);
			runOnlyForDeploymentPostprocessing = 0;
		};
		37125AC72CEE48B600D7C249 /* Frameworks */ = {
			isa = PBXFrameworksBuildPhase;
			buildActionMask = 2147483647;
			files = (
			);
			runOnlyForDeploymentPostprocessing = 0;
		};
		37125AD12CEE48B600D7C249 /* Frameworks */ = {
			isa = PBXFrameworksBuildPhase;
			buildActionMask = 2147483647;
			files = (
			);
			runOnlyForDeploymentPostprocessing = 0;
		};
/* End PBXFrameworksBuildPhase section */

/* Begin PBXGroup section */
		37125AAF2CEE48B400D7C249 = {
			isa = PBXGroup;
			children = (
				37125ABA2CEE48B400D7C249 /* DailyAzimuth */,
				37125ACD2CEE48B600D7C249 /* DailyAzimuthTests */,
				37125AD72CEE48B600D7C249 /* DailyAzimuthUITests */,
				37125AB92CEE48B400D7C249 /* Products */,
			);
			sourceTree = "<group>";
		};
		37125AB92CEE48B400D7C249 /* Products */ = {
			isa = PBXGroup;
			children = (
				37125AB82CEE48B400D7C249 /* DailyAzimuth.app */,
				37125ACA2CEE48B600D7C249 /* DailyAzimuthTests.xctest */,
				37125AD42CEE48B600D7C249 /* DailyAzimuthUITests.xctest */,
			);
			name = Products;
			sourceTree = "<group>";
		};
/* End PBXGroup section */

/* Begin PBXNativeTarget section */
		37125AB72CEE48B400D7C249 /* DailyAzimuth */ = {
			isa = PBXNativeTarget;
			buildConfigurationList = 37125ADE2CEE48B600D7C249 /* Build configuration list for PBXNativeTarget "DailyAzimuth" */;
			buildPhases = (
				37125AB42CEE48B400D7C249 /* Sources */,
				37125AB52CEE48B400D7C249 /* Frameworks */,
				37125AB62CEE48B400D7C249 /* Resources */,
			);
			buildRules = (
			);
			dependencies = (
			);
			fileSystemSynchronizedGroups = (
				37125ABA2CEE48B400D7C249 /* DailyAzimuth */,
			);
			name = DailyAzimuth;
			packageProductDependencies = (
			);
			productName = DailyAzimuth;
			productReference = 37125AB82CEE48B400D7C249 /* DailyAzimuth.app */;
			productType = "com.apple.product-type.application";
		};
		37125AC92CEE48B600D7C249 /* DailyAzimuthTests */ = {
			isa = PBXNativeTarget;
			buildConfigurationList = 37125AE12CEE48B600D7C249 /* Build configuration list for PBXNativeTarget "DailyAzimuthTests" */;
			buildPhases = (
				37125AC62CEE48B600D7C249 /* Sources */,
				37125AC72CEE48B600D7C249 /* Frameworks */,
				37125AC82CEE48B600D7C249 /* Resources */,
			);
			buildRules = (
			);
			dependencies = (
				37125ACC2CEE48B600D7C249 /* PBXTargetDependency */,
			);
			fileSystemSynchronizedGroups = (
				37125ACD2CEE48B600D7C249 /* DailyAzimuthTests */,
			);
			name = DailyAzimuthTests;
			packageProductDependencies = (
			);
			productName = DailyAzimuthTests;
			productReference = 37125ACA2CEE48B600D7C249 /* DailyAzimuthTests.xctest */;
			productType = "com.apple.product-type.bundle.unit-test";
		};
		37125AD32CEE48B600D7C249 /* DailyAzimuthUITests */ = {
			isa = PBXNativeTarget;
			buildConfigurationList = 37125AE42CEE48B600D7C249 /* Build configuration list for PBXNativeTarget "DailyAzimuthUITests" */;
			buildPhases = (
				37125AD02CEE48B600D7C249 /* Sources */,
				37125AD12CEE48B600D7C249 /* Frameworks */,
				37125AD22CEE48B600D7C249 /* Resources */,
			);
			buildRules = (
			);
			dependencies = (
				37125AD62CEE48B600D7C249 /* PBXTargetDependency */,
			);
			fileSystemSynchronizedGroups = (
				37125AD72CEE48B600D7C249 /* DailyAzimuthUITests */,
			);
			name = DailyAzimuthUITests;
			packageProductDependencies = (
			);
			productName = DailyAzimuthUITests;
			productReference = 37125AD42CEE48B600D7C249 /* DailyAzimuthUITests.xctest */;
			productType = "com.apple.product-type.bundle.ui-testing";
		};
/* End PBXNativeTarget section */

/* Begin PBXProject section */
		37125AB02CEE48B400D7C249 /* Project object */ = {
			isa = PBXProject;
			attributes = {
				BuildIndependentTargetsInParallel = 1;
				LastSwiftUpdateCheck = 1610;
				LastUpgradeCheck = 1610;
				TargetAttributes = {
					37125AB72CEE48B400D7C249 = {
						CreatedOnToolsVersion = 16.1;
					};
					37125AC92CEE48B600D7C249 = {
						CreatedOnToolsVersion = 16.1;
						TestTargetID = 37125AB72CEE48B400D7C249;
					};
					37125AD32CEE48B600D7C249 = {
						CreatedOnToolsVersion = 16.1;
						TestTargetID = 37125AB72CEE48B400D7C249;
					};
				};
			};
			buildConfigurationList = 37125AB32CEE48B400D7C249 /* Build configuration list for PBXProject "DailyAzimuth" */;
			developmentRegion = en;
			hasScannedForEncodings = 0;
			knownRegions = (
				en,
				Base,
			);
			mainGroup = 37125AAF2CEE48B400D7C249;
			minimizedProjectReferenceProxies = 1;
			preferredProjectObjectVersion = 77;
			productRefGroup = 37125AB92CEE48B400D7C249 /* Products */;
			projectDirPath = "";
			projectRoot = "";
			targets = (
				37125AB72CEE48B400D7C249 /* DailyAzimuth */,
				37125AC92CEE48B600D7C249 /* DailyAzimuthTests */,
				37125AD32CEE48B600D7C249 /* DailyAzimuthUITests */,
			);
		};
/* End PBXProject section */

/* Begin PBXResourcesBuildPhase section */
		37125AB62CEE48B400D7C249 /* Resources */ = {
			isa = PBXResourcesBuildPhase;
			buildActionMask = 2147483647;
			files = (
			);
			runOnlyForDeploymentPostprocessing = 0;
		};
		37125AC82CEE48B600D7C249 /* Resources */ = {
			isa = PBXResourcesBuildPhase;
			buildActionMask = 2147483647;
			files = (
			);
			runOnlyForDeploymentPostprocessing = 0;
		};
		37125AD22CEE48B600D7C249 /* Resources */ = {
			isa = PBXResourcesBuildPhase;
			buildActionMask = 2147483647;
			files = (
			);
			runOnlyForDeploymentPostprocessing = 0;
		};
/* End PBXResourcesBuildPhase section */

/* Begin PBXSourcesBuildPhase section */
		37125AB42CEE48B400D7C249 /* Sources */ = {
			isa = PBXSourcesBuildPhase;
			buildActionMask = 2147483647;
			files = (
			);
			runOnlyForDeploymentPostprocessing = 0;
		};
		37125AC62CEE48B600D7C249 /* Sources */ = {
			isa = PBXSourcesBuildPhase;
			buildActionMask = 2147483647;
			files = (
			);
			runOnlyForDeploymentPostprocessing = 0;
		};
		37125AD02CEE48B600D7C249 /* Sources */ = {
			isa = PBXSourcesBuildPhase;
			buildActionMask = 2147483647;
			files = (
			);
			runOnlyForDeploymentPostprocessing = 0;
		};
/* End PBXSourcesBuildPhase section */

/* Begin PBXTargetDependency section */
		37125ACC2CEE48B600D7C249 /* PBXTargetDependency */ = {
			isa = PBXTargetDependency;
			target = 37125AB72CEE48B400D7C249 /* DailyAzimuth */;
			targetProxy = 37125ACB2CEE48B600D7C249 /* PBXContainerItemProxy */;
		};
		37125AD62CEE48B600D7C249 /* PBXTargetDependency */ = {
			isa = PBXTargetDependency;
			target = 37125AB72CEE48B400D7C249 /* DailyAzimuth */;
			targetProxy = 37125AD52CEE48B600D7C249 /* PBXContainerItemProxy */;
		};
/* End PBXTargetDependency section */

/* Begin XCBuildConfiguration section */
		37125ADC2CEE48B600D7C249 /* Debug */ = {
			isa = XCBuildConfiguration;
			buildSettings = {
				ALWAYS_SEARCH_USER_PATHS = NO;
				ASSETCATALOG_COMPILER_GENERATE_SWIFT_ASSET_SYMBOL_EXTENSIONS = YES;
				CLANG_ANALYZER_NONNULL = YES;
				CLANG_ANALYZER_NUMBER_OBJECT_CONVERSION = YES_AGGRESSIVE;
				CLANG_CXX_LANGUAGE_STANDARD = "gnu++20";
				CLANG_ENABLE_MODULES = YES;
				CLANG_ENABLE_OBJC_ARC = YES;
				CLANG_ENABLE_OBJC_WEAK = YES;
				CLANG_WARN_BLOCK_CAPTURE_AUTORELEASING = YES;
				CLANG_WARN_BOOL_CONVERSION = YES;
				CLANG_WARN_COMMA = YES;
				CLANG_WARN_CONSTANT_CONVERSION = YES;
				CLANG_WARN_DEPRECATED_OBJC_IMPLEMENTATIONS = YES;
				CLANG_WARN_DIRECT_OBJC_ISA_USAGE = YES_ERROR;
				CLANG_WARN_DOCUMENTATION_COMMENTS = YES;
				CLANG_WARN_EMPTY_BODY = YES;
				CLANG_WARN_ENUM_CONVERSION = YES;
				CLANG_WARN_INFINITE_RECURSION = YES;
				CLANG_WARN_INT_CONVERSION = YES;
				CLANG_WARN_NON_LITERAL_NULL_CONVERSION = YES;
				CLANG_WARN_OBJC_IMPLICIT_RETAIN_SELF = YES;
				CLANG_WARN_OBJC_LITERAL_CONVERSION = YES;
				CLANG_WARN_OBJC_ROOT_CLASS = YES_ERROR;
				CLANG_WARN_QUOTED_INCLUDE_IN_FRAMEWORK_HEADER = YES;
				CLANG_WARN_RANGE_LOOP_ANALYSIS = YES;
				CLANG_WARN_STRICT_PROTOTYPES = YES;
				CLANG_WARN_SUSPICIOUS_MOVE = YES;
				CLANG_WARN_UNGUARDED_AVAILABILITY = YES_AGGRESSIVE;
				CLANG_WARN_UNREACHABLE_CODE = YES;
				CLANG_WARN__DUPLICATE_METHOD_MATCH = YES;
				COPY_PHASE_STRIP = NO;
				DEBUG_INFORMATION_FORMAT = dwarf;
				ENABLE_STRICT_OBJC_MSGSEND = YES;
				ENABLE_TESTABILITY = YES;
				ENABLE_USER_SCRIPT_SANDBOXING = YES;
				GCC_C_LANGUAGE_STANDARD = gnu17;
				GCC_DYNAMIC_NO_PIC = NO;
				GCC_NO_COMMON_BLOCKS = YES;
				GCC_OPTIMIZATION_LEVEL = 0;
				GCC_PREPROCESSOR_DEFINITIONS = (
					"DEBUG=1",
					"$(inherited)",
				);
				GCC_WARN_64_TO_32_BIT_CONVERSION = YES;
				GCC_WARN_ABOUT_RETURN_TYPE = YES_ERROR;
				GCC_WARN_UNDECLARED_SELECTOR = YES;
				GCC_WARN_UNINITIALIZED_AUTOS = YES_AGGRESSIVE;
				GCC_WARN_UNUSED_FUNCTION = YES;
				GCC_WARN_UNUSED_VARIABLE = YES;
				IPHONEOS_DEPLOYMENT_TARGET = 18.1;
				LOCALIZATION_PREFERS_STRING_CATALOGS = YES;
				MTL_ENABLE_DEBUG_INFO = INCLUDE_SOURCE;
				MTL_FAST_MATH = YES;
				ONLY_ACTIVE_ARCH = YES;
				SDKROOT = iphoneos;
				SWIFT_ACTIVE_COMPILATION_CONDITIONS = "DEBUG $(inherited)";
				SWIFT_OPTIMIZATION_LEVEL = "-Onone";
			};
			name = Debug;
		};
		37125ADD2CEE48B600D7C249 /* Release */ = {
			isa = XCBuildConfiguration;
			buildSettings = {
				ALWAYS_SEARCH_USER_PATHS = NO;
				ASSETCATALOG_COMPILER_GENERATE_SWIFT_ASSET_SYMBOL_EXTENSIONS = YES;
				CLANG_ANALYZER_NONNULL = YES;
				CLANG_ANALYZER_NUMBER_OBJECT_CONVERSION = YES_AGGRESSIVE;
				CLANG_CXX_LANGUAGE_STANDARD = "gnu++20";
				CLANG_ENABLE_MODULES = YES;
				CLANG_ENABLE_OBJC_ARC = YES;
				CLANG_ENABLE_OBJC_WEAK = YES;
				CLANG_WARN_BLOCK_CAPTURE_AUTORELEASING = YES;
				CLANG_WARN_BOOL_CONVERSION = YES;
				CLANG_WARN_COMMA = YES;
				CLANG_WARN_CONSTANT_CONVERSION = YES;
				CLANG_WARN_DEPRECATED_OBJC_IMPLEMENTATIONS = YES;
				CLANG_WARN_DIRECT_OBJC_ISA_USAGE = YES_ERROR;
				CLANG_WARN_DOCUMENTATION_COMMENTS = YES;
				CLANG_WARN_EMPTY_BODY = YES;
				CLANG_WARN_ENUM_CONVERSION = YES;
				CLANG_WARN_INFINITE_RECURSION = YES;
				CLANG_WARN_INT_CONVERSION = YES;
				CLANG_WARN_NON_LITERAL_NULL_CONVERSION = YES;
				CLANG_WARN_OBJC_IMPLICIT_RETAIN_SELF = YES;
				CLANG_WARN_OBJC_LITERAL_CONVERSION = YES;
				CLANG_WARN_OBJC_ROOT_CLASS = YES_ERROR;
				CLANG_WARN_QUOTED_INCLUDE_IN_FRAMEWORK_HEADER = YES;
				CLANG_WARN_RANGE_LOOP_ANALYSIS = YES;
				CLANG_WARN_STRICT_PROTOTYPES = YES;
				CLANG_WARN_SUSPICIOUS_MOVE = YES;
				CLANG_WARN_UNGUARDED_AVAILABILITY = YES_AGGRESSIVE;
				CLANG_WARN_UNREACHABLE_CODE = YES;
				CLANG_WARN__DUPLICATE_METHOD_MATCH = YES;
				COPY_PHASE_STRIP = NO;
				DEBUG_INFORMATION_FORMAT = "dwarf-with-dsym";
				ENABLE_NS_ASSERTIONS = NO;
				ENABLE_STRICT_OBJC_MSGSEND = YES;
				ENABLE_USER_SCRIPT_SANDBOXING = YES;
				GCC_C_LANGUAGE_STANDARD = gnu17;
				GCC_NO_COMMON_BLOCKS = YES;
				GCC_WARN_64_TO_32_BIT_CONVERSION = YES;
				GCC_WARN_ABOUT_RETURN_TYPE = YES_ERROR;
				GCC_WARN_UNDECLARED_SELECTOR = YES;
				GCC_WARN_UNINITIALIZED_AUTOS = YES_AGGRESSIVE;
				GCC_WARN_UNUSED_FUNCTION = YES;
				GCC_WARN_UNUSED_VARIABLE = YES;
				IPHONEOS_DEPLOYMENT_TARGET = 18.1;
				LOCALIZATION_PREFERS_STRING_CATALOGS = YES;
				MTL_ENABLE_DEBUG_INFO = NO;
				MTL_FAST_MATH = YES;
				SDKROOT = iphoneos;
				SWIFT_COMPILATION_MODE = wholemodule;
				VALIDATE_PRODUCT = YES;
			};
			name = Release;
		};
		37125ADF2CEE48B600D7C249 /* Debug */ = {
			isa = XCBuildConfiguration;
			buildSettings = {
				ASSETCATALOG_COMPILER_APPICON_NAME = AppIcon;
				ASSETCATALOG_COMPILER_GLOBAL_ACCENT_COLOR_NAME = AccentColor;
				CODE_SIGN_STYLE = Automatic;
				CURRENT_PROJECT_VERSION = 1;
				DEVELOPMENT_ASSET_PATHS = "\"DailyAzimuth/Preview Content\"";
				DEVELOPMENT_TEAM = 99S33YCFRB;
				ENABLE_PREVIEWS = YES;
				GENERATE_INFOPLIST_FILE = YES;
				INFOPLIST_KEY_UIApplicationSceneManifest_Generation = YES;
				INFOPLIST_KEY_UIApplicationSupportsIndirectInputEvents = YES;
				INFOPLIST_KEY_UILaunchScreen_Generation = YES;
				INFOPLIST_KEY_UISupportedInterfaceOrientations_iPad = "UIInterfaceOrientationPortrait UIInterfaceOrientationPortraitUpsideDown UIInterfaceOrientationLandscapeLeft UIInterfaceOrientationLandscapeRight";
				INFOPLIST_KEY_UISupportedInterfaceOrientations_iPhone = "UIInterfaceOrientationPortrait UIInterfaceOrientationLandscapeLeft UIInterfaceOrientationLandscapeRight";
				LD_RUNPATH_SEARCH_PATHS = (
					"$(inherited)",
					"@executable_path/Frameworks",
				);
				MARKETING_VERSION = 1.0;
				PRODUCT_BUNDLE_IDENTIFIER = com.tnt.DailyAzimuth;
				PRODUCT_NAME = "$(TARGET_NAME)";
				SWIFT_EMIT_LOC_STRINGS = YES;
				SWIFT_VERSION = 5.0;
				TARGETED_DEVICE_FAMILY = "1,2";
			};
			name = Debug;
		};
		37125AE02CEE48B600D7C249 /* Release */ = {
			isa = XCBuildConfiguration;
			buildSettings = {
				ASSETCATALOG_COMPILER_APPICON_NAME = AppIcon;
				ASSETCATALOG_COMPILER_GLOBAL_ACCENT_COLOR_NAME = AccentColor;
				CODE_SIGN_STYLE = Automatic;
				CURRENT_PROJECT_VERSION = 1;
				DEVELOPMENT_ASSET_PATHS = "\"DailyAzimuth/Preview Content\"";
				DEVELOPMENT_TEAM = 99S33YCFRB;
				ENABLE_PREVIEWS = YES;
				GENERATE_INFOPLIST_FILE = YES;
				INFOPLIST_KEY_UIApplicationSceneManifest_Generation = YES;
				INFOPLIST_KEY_UIApplicationSupportsIndirectInputEvents = YES;
				INFOPLIST_KEY_UILaunchScreen_Generation = YES;
				INFOPLIST_KEY_UISupportedInterfaceOrientations_iPad = "UIInterfaceOrientationPortrait UIInterfaceOrientationPortraitUpsideDown UIInterfaceOrientationLandscapeLeft UIInterfaceOrientationLandscapeRight";
				INFOPLIST_KEY_UISupportedInterfaceOrientations_iPhone = "UIInterfaceOrientationPortrait UIInterfaceOrientationLandscapeLeft UIInterfaceOrientationLandscapeRight";
				LD_RUNPATH_SEARCH_PATHS = (
					"$(inherited)",
					"@executable_path/Frameworks",
				);
				MARKETING_VERSION = 1.0;
				PRODUCT_BUNDLE_IDENTIFIER = com.tnt.DailyAzimuth;
				PRODUCT_NAME = "$(TARGET_NAME)";
				SWIFT_EMIT_LOC_STRINGS = YES;
				SWIFT_VERSION = 5.0;
				TARGETED_DEVICE_FAMILY = "1,2";
			};
			name = Release;
		};
		37125AE22CEE48B600D7C249 /* Debug */ = {
			isa = XCBuildConfiguration;
			buildSettings = {
				BUNDLE_LOADER = "$(TEST_HOST)";
				CODE_SIGN_STYLE = Automatic;
				CURRENT_PROJECT_VERSION = 1;
				DEVELOPMENT_TEAM = 99S33YCFRB;
				GENERATE_INFOPLIST_FILE = YES;
				IPHONEOS_DEPLOYMENT_TARGET = 18.1;
				MARKETING_VERSION = 1.0;
				PRODUCT_BUNDLE_IDENTIFIER = com.tnt.DailyAzimuthTests;
				PRODUCT_NAME = "$(TARGET_NAME)";
				SWIFT_EMIT_LOC_STRINGS = NO;
				SWIFT_VERSION = 5.0;
				TARGETED_DEVICE_FAMILY = "1,2";
				TEST_HOST = "$(BUILT_PRODUCTS_DIR)/DailyAzimuth.app/$(BUNDLE_EXECUTABLE_FOLDER_PATH)/DailyAzimuth";
			};
			name = Debug;
		};
		37125AE32CEE48B600D7C249 /* Release */ = {
			isa = XCBuildConfiguration;
			buildSettings = {
				BUNDLE_LOADER = "$(TEST_HOST)";
				CODE_SIGN_STYLE = Automatic;
				CURRENT_PROJECT_VERSION = 1;
				DEVELOPMENT_TEAM = 99S33YCFRB;
				GENERATE_INFOPLIST_FILE = YES;
				IPHONEOS_DEPLOYMENT_TARGET = 18.1;
				MARKETING_VERSION = 1.0;
				PRODUCT_BUNDLE_IDENTIFIER = com.tnt.DailyAzimuthTests;
				PRODUCT_NAME = "$(TARGET_NAME)";
				SWIFT_EMIT_LOC_STRINGS = NO;
				SWIFT_VERSION = 5.0;
				TARGETED_DEVICE_FAMILY = "1,2";
				TEST_HOST = "$(BUILT_PRODUCTS_DIR)/DailyAzimuth.app/$(BUNDLE_EXECUTABLE_FOLDER_PATH)/DailyAzimuth";
			};
			name = Release;
		};
		37125AE52CEE48B600D7C249 /* Debug */ = {
			isa = XCBuildConfiguration;
			buildSettings = {
				CODE_SIGN_STYLE = Automatic;
				CURRENT_PROJECT_VERSION = 1;
				DEVELOPMENT_TEAM = 99S33YCFRB;
				GENERATE_INFOPLIST_FILE = YES;
				MARKETING_VERSION = 1.0;
				PRODUCT_BUNDLE_IDENTIFIER = com.tnt.DailyAzimuthUITests;
				PRODUCT_NAME = "$(TARGET_NAME)";
				SWIFT_EMIT_LOC_STRINGS = NO;
				SWIFT_VERSION = 5.0;
				TARGETED_DEVICE_FAMILY = "1,2";
				TEST_TARGET_NAME = DailyAzimuth;
			};
			name = Debug;
		};
		37125AE62CEE48B600D7C249 /* Release */ = {
			isa = XCBuildConfiguration;
			buildSettings = {
				CODE_SIGN_STYLE = Automatic;
				CURRENT_PROJECT_VERSION = 1;
				DEVELOPMENT_TEAM = 99S33YCFRB;
				GENERATE_INFOPLIST_FILE = YES;
				MARKETING_VERSION = 1.0;
				PRODUCT_BUNDLE_IDENTIFIER = com.tnt.DailyAzimuthUITests;
				PRODUCT_NAME = "$(TARGET_NAME)";
				SWIFT_EMIT_LOC_STRINGS = NO;
				SWIFT_VERSION = 5.0;
				TARGETED_DEVICE_FAMILY = "1,2";
				TEST_TARGET_NAME = DailyAzimuth;
			};
			name = Release;
		};
/* End XCBuildConfiguration section */

/* Begin XCConfigurationList section */
		37125AB32CEE48B400D7C249 /* Build configuration list for PBXProject "DailyAzimuth" */ = {
			isa = XCConfigurationList;
			buildConfigurations = (
				37125ADC2CEE48B600D7C249 /* Debug */,
				37125ADD2CEE48B600D7C249 /* Release */,
			);
			defaultConfigurationIsVisible = 0;
			defaultConfigurationName = Release;
		};
		37125ADE2CEE48B600D7C249 /* Build configuration list for PBXNativeTarget "DailyAzimuth" */ = {
			isa = XCConfigurationList;
			buildConfigurations = (
				37125ADF2CEE48B600D7C249 /* Debug */,
				37125AE02CEE48B600D7C249 /* Release */,
			);
			defaultConfigurationIsVisible = 0;
			defaultConfigurationName = Release;
		};
		37125AE12CEE48B600D7C249 /* Build configuration list for PBXNativeTarget "DailyAzimuthTests" */ = {
			isa = XCConfigurationList;
			buildConfigurations = (
				37125AE22CEE48B600D7C249 /* Debug */,
				37125AE32CEE48B600D7C249 /* Release */,
			);
			defaultConfigurationIsVisible = 0;
			defaultConfigurationName = Release;
		};
		37125AE42CEE48B600D7C249 /* Build configuration list for PBXNativeTarget "DailyAzimuthUITests" */ = {
			isa = XCConfigurationList;
			buildConfigurations = (
				37125AE52CEE48B600D7C249 /* Debug */,
				37125AE62CEE48B600D7C249 /* Release */,
			);
			defaultConfigurationIsVisible = 0;
			defaultConfigurationName = Release;
		};
/* End XCConfigurationList section */
	};
	rootObject = 37125AB02CEE48B400D7C249 /* Project object */;
}
